
Microsoft Visual Studio Solution File, Format Version 12.00
# Visual Studio Version 16
VisualStudioVersion = 16.0.31702.278
MinimumVisualStudioVersion = 10.0.40219.1
Project("{FAE04EC0-301F-11D3-BF4B-00C04F79EFBC}") = "Class Constructors", "Class Constructors\Class Constructors.csproj", "{A807CE3D-6E4B-4C7B-AFCF-8C110BB70A2D}"
EndProject
Global
	GlobalSection(SolutionConfigurationPlatforms) = preSolution
		Debug|Any CPU = Debug|Any CPU
		Release|Any CPU = Release|Any CPU
	EndGlobalSection
	GlobalSection(ProjectConfigurationPlatforms) = postSolution
		{A807CE3D-6E4B-4C7B-AFCF-8C110BB70A2D}.Debug|Any CPU.ActiveCfg = Debug|Any CPU
		{A807CE3D-6E4B-4C7B-AFCF-8C110BB70A2D}.Debug|Any CPU.Build.0 = Debug|Any CPU
		{A807CE3D-6E4B-4C7B-AFCF-8C110BB70A2D}.Release|Any CPU.ActiveCfg = Release|Any CPU
		{A807CE3D-6E4B-4C7B-AFCF-8C110BB70A2D}.Release|Any CPU.Build.0 = Release|Any CPU
	EndGlobalSection
	GlobalSection(SolutionProperties) = preSolution
		HideSolutionNode = FALSE
	EndGlobalSection
	GlobalSection(ExtensibilityGlobals) = postSolution
		SolutionGuid = {94EF56D3-0A7F-43FD-8D04-1FC421B524AA}
	EndGlobalSection
EndGlobal
