
Microsoft Visual Studio Solution File, Format Version 12.00
# Visual Studio Version 16
VisualStudioVersion = 16.0.31702.278
MinimumVisualStudioVersion = 10.0.40219.1
Project("{FAE04EC0-301F-11D3-BF4B-00C04F79EFBC}") = "Interface", "Interface\Interface.csproj", "{FC14257F-7F35-4511-BBD2-A905617487C8}"
EndProject
Global
	GlobalSection(SolutionConfigurationPlatforms) = preSolution
		Debug|Any CPU = Debug|Any CPU
		Release|Any CPU = Release|Any CPU
	EndGlobalSection
	GlobalSection(ProjectConfigurationPlatforms) = postSolution
		{FC14257F-7F35-4511-BBD2-A905617487C8}.Debug|Any CPU.ActiveCfg = Debug|Any CPU
		{FC14257F-7F35-4511-BBD2-A905617487C8}.Debug|Any CPU.Build.0 = Debug|Any CPU
		{FC14257F-7F35-4511-BBD2-A905617487C8}.Release|Any CPU.ActiveCfg = Release|Any CPU
		{FC14257F-7F35-4511-BBD2-A905617487C8}.Release|Any CPU.Build.0 = Release|Any CPU
	EndGlobalSection
	GlobalSection(SolutionProperties) = preSolution
		HideSolutionNode = FALSE
	EndGlobalSection
	GlobalSection(ExtensibilityGlobals) = postSolution
		SolutionGuid = {9A5BD24A-8D97-44AD-8231-3618FBAF8D96}
	EndGlobalSection
EndGlobal
