
Microsoft Visual Studio Solution File, Format Version 12.00
# Visual Studio Version 16
VisualStudioVersion = 16.0.31702.278
MinimumVisualStudioVersion = 10.0.40219.1
Project("{FAE04EC0-301F-11D3-BF4B-00C04F79EFBC}") = "ExceptionHandling", "ExceptionHandling\ExceptionHandling.csproj", "{45E84021-8B67-4E3B-879A-5937C8531A6C}"
EndProject
Global
	GlobalSection(SolutionConfigurationPlatforms) = preSolution
		Debug|Any CPU = Debug|Any CPU
		Release|Any CPU = Release|Any CPU
	EndGlobalSection
	GlobalSection(ProjectConfigurationPlatforms) = postSolution
		{45E84021-8B67-4E3B-879A-5937C8531A6C}.Debug|Any CPU.ActiveCfg = Debug|Any CPU
		{45E84021-8B67-4E3B-879A-5937C8531A6C}.Debug|Any CPU.Build.0 = Debug|Any CPU
		{45E84021-8B67-4E3B-879A-5937C8531A6C}.Release|Any CPU.ActiveCfg = Release|Any CPU
		{45E84021-8B67-4E3B-879A-5937C8531A6C}.Release|Any CPU.Build.0 = Release|Any CPU
	EndGlobalSection
	GlobalSection(SolutionProperties) = preSolution
		HideSolutionNode = FALSE
	EndGlobalSection
	GlobalSection(ExtensibilityGlobals) = postSolution
		SolutionGuid = {F2F87C44-DB26-46C4-969E-B6EE7ED31976}
	EndGlobalSection
EndGlobal
